
Microsoft Visual Studio Solution File, Format Version 12.00
# Visual Studio Version 17
VisualStudioVersion = 17.7.34221.43
MinimumVisualStudioVersion = 10.0.40219.1
Project("{9A19103F-16F7-4668-BE54-9A1E7A4F7556}") = "ReserveFood-Client", "ReserveFood-Client\ReserveFood-Client.csproj", "{2C4D6545-2C31-4C0D-B5EE-74C737E650BD}"
EndProject
Project("{FAE04EC0-301F-11D3-BF4B-00C04F79EFBC}") = "ReserveFood-Server", "ReserveFood-Server\ReserveFood-Server.csproj", "{7FEB0258-DDC4-4160-B156-6B75E39B0034}"
EndProject
Project("{FAE04EC0-301F-11D3-BF4B-00C04F79EFBC}") = "Core", "Core\Core.csproj", "{E0B7BB8D-9511-43A8-A5BA-C89846CE8C97}"
EndProject
Global
	GlobalSection(SolutionConfigurationPlatforms) = preSolution
		Debug|Any CPU = Debug|Any CPU
		Release|Any CPU = Release|Any CPU
	EndGlobalSection
	GlobalSection(ProjectConfigurationPlatforms) = postSolution
		{2C4D6545-2C31-4C0D-B5EE-74C737E650BD}.Debug|Any CPU.ActiveCfg = Debug|Any CPU
		{2C4D6545-2C31-4C0D-B5EE-74C737E650BD}.Debug|Any CPU.Build.0 = Debug|Any CPU
		{2C4D6545-2C31-4C0D-B5EE-74C737E650BD}.Release|Any CPU.ActiveCfg = Release|Any CPU
		{2C4D6545-2C31-4C0D-B5EE-74C737E650BD}.Release|Any CPU.Build.0 = Release|Any CPU
		{7FEB0258-DDC4-4160-B156-6B75E39B0034}.Debug|Any CPU.ActiveCfg = Debug|Any CPU
		{7FEB0258-DDC4-4160-B156-6B75E39B0034}.Debug|Any CPU.Build.0 = Debug|Any CPU
		{7FEB0258-DDC4-4160-B156-6B75E39B0034}.Release|Any CPU.ActiveCfg = Release|Any CPU
		{7FEB0258-DDC4-4160-B156-6B75E39B0034}.Release|Any CPU.Build.0 = Release|Any CPU
		{E0B7BB8D-9511-43A8-A5BA-C89846CE8C97}.Debug|Any CPU.ActiveCfg = Debug|Any CPU
		{E0B7BB8D-9511-43A8-A5BA-C89846CE8C97}.Debug|Any CPU.Build.0 = Debug|Any CPU
		{E0B7BB8D-9511-43A8-A5BA-C89846CE8C97}.Release|Any CPU.ActiveCfg = Release|Any CPU
		{E0B7BB8D-9511-43A8-A5BA-C89846CE8C97}.Release|Any CPU.Build.0 = Release|Any CPU
	EndGlobalSection
	GlobalSection(SolutionProperties) = preSolution
		HideSolutionNode = FALSE
	EndGlobalSection
	GlobalSection(ExtensibilityGlobals) = postSolution
		SolutionGuid = {34C72041-F9F9-4A25-9F04-83909DFB22FF}
	EndGlobalSection
EndGlobal
